
Microsoft Visual Studio Solution File, Format Version 12.00
# Visual Studio 15
VisualStudioVersion = 15.0.28307.168
MinimumVisualStudioVersion = 10.0.40219.1
Project("{FAE04EC0-301F-11D3-BF4B-00C04F79EFBC}") = "EricLeVan", "EricLeVan.csproj", "{F66D9194-A36F-4E61-BF24-33A44AF77512}"
EndProject
Global
	GlobalSection(SolutionConfigurationPlatforms) = preSolution
		Debug|x86 = Debug|x86
		Release|x86 = Release|x86
	EndGlobalSection
	GlobalSection(ProjectConfigurationPlatforms) = postSolution
		{F66D9194-A36F-4E61-BF24-33A44AF77512}.Debug|x86.ActiveCfg = Debug|x86
		{F66D9194-A36F-4E61-BF24-33A44AF77512}.Debug|x86.Build.0 = Debug|x86
		{F66D9194-A36F-4E61-BF24-33A44AF77512}.Release|x86.ActiveCfg = Release|x86
		{F66D9194-A36F-4E61-BF24-33A44AF77512}.Release|x86.Build.0 = Release|x86
	EndGlobalSection
	GlobalSection(SolutionProperties) = preSolution
		HideSolutionNode = FALSE
	EndGlobalSection
	GlobalSection(ExtensibilityGlobals) = postSolution
		SolutionGuid = {3644CD79-1490-43F9-8435-A06318955611}
	EndGlobalSection
EndGlobal
